
Microsoft Visual Studio Solution File, Format Version 11.00
# Visual Studio 2010
# SharpDevelop 4.2.1.8805
Project("{FD48973F-F585-4F70-812B-4D0503B36CE9}") = "pg272", "pg272.pyproj", "{DCE9255C-F454-4727-BB79-9A8B1640D15B}"
EndProject
Global
	GlobalSection(SolutionConfigurationPlatforms) = preSolution
		Debug|Any CPU = Debug|Any CPU
		Release|Any CPU = Release|Any CPU
		Debug|Any CPU = Debug|Any CPU
		Release|Any CPU = Release|Any CPU
	EndGlobalSection
	GlobalSection(ProjectConfigurationPlatforms) = postSolution
		{DCE9255C-F454-4727-BB79-9A8B1640D15B}.Debug|Any CPU.Build.0 = Debug|Any CPU
		{DCE9255C-F454-4727-BB79-9A8B1640D15B}.Debug|Any CPU.ActiveCfg = Debug|Any CPU
		{DCE9255C-F454-4727-BB79-9A8B1640D15B}.Release|Any CPU.Build.0 = Release|Any CPU
		{DCE9255C-F454-4727-BB79-9A8B1640D15B}.Release|Any CPU.ActiveCfg = Release|Any CPU
	EndGlobalSection
EndGlobal
