
Microsoft Visual Studio Solution File, Format Version 11.00
# Visual Studio 2010
# SharpDevelop 4.4
Project("{FD48973F-F585-4F70-812B-4D0503B36CE9}") = "StrInt2", "StrInt2\StrInt2.pyproj", "{FBFAF68C-7A9F-4304-968D-22DE56B94EB5}"
EndProject
Global
	GlobalSection(SolutionConfigurationPlatforms) = preSolution
		Debug|Any CPU = Debug|Any CPU
		Release|Any CPU = Release|Any CPU
	EndGlobalSection
	GlobalSection(ProjectConfigurationPlatforms) = postSolution
		{FBFAF68C-7A9F-4304-968D-22DE56B94EB5}.Debug|Any CPU.Build.0 = Debug|Any CPU
		{FBFAF68C-7A9F-4304-968D-22DE56B94EB5}.Debug|Any CPU.ActiveCfg = Debug|Any CPU
		{FBFAF68C-7A9F-4304-968D-22DE56B94EB5}.Release|Any CPU.Build.0 = Release|Any CPU
		{FBFAF68C-7A9F-4304-968D-22DE56B94EB5}.Release|Any CPU.ActiveCfg = Release|Any CPU
	EndGlobalSection
EndGlobal
